
Microsoft Visual Studio Solution File, Format Version 12.00
# Visual Studio Version 17
VisualStudioVersion = 17.0.31903.59
MinimumVisualStudioVersion = 10.0.40219.1
Project("{2150E333-8FDC-42A3-9474-1A3956D46DE8}") = "OfferService", "OfferService", "{F9BE2278-48FA-DFA5-C416-A848F8DDEAE2}"
EndProject
Project("{2150E333-8FDC-42A3-9474-1A3956D46DE8}") = "Interface", "Interface", "{73196184-E728-4DD1-8A8A-EC1711ADBA3F}"
EndProject
Project("{FAE04EC0-301F-11D3-BF4B-00C04F79EFBC}") = "Interface", "OfferService\Interface\Interface\Interface.csproj", "{3464DA10-4A6E-4415-BD4C-C81DA4BDB1BC}"
EndProject
Project("{2150E333-8FDC-42A3-9474-1A3956D46DE8}") = "Service", "Service", "{65E82EFE-3ECD-0235-B270-741A9A7BDD74}"
EndProject
Project("{FAE04EC0-301F-11D3-BF4B-00C04F79EFBC}") = "Service", "OfferService\Service\Service\Service.csproj", "{E6482D76-E1F2-487F-B436-F331A435E08C}"
EndProject
Project("{FAE04EC0-301F-11D3-BF4B-00C04F79EFBC}") = "OfferService.API", "OfferService\OfferService.API\OfferService.API.csproj", "{48DF3283-F400-48F3-877E-3D33AFA67593}"
EndProject
Project("{2150E333-8FDC-42A3-9474-1A3956D46DE8}") = "IdentityService", "IdentityService", "{C92C2A6C-C7DF-3B17-8CE7-85FC08468CCF}"
EndProject
Project("{2150E333-8FDC-42A3-9474-1A3956D46DE8}") = "Interface", "Interface", "{D6C2B6DB-8495-525B-93B0-DF08319C5DE0}"
EndProject
Project("{FAE04EC0-301F-11D3-BF4B-00C04F79EFBC}") = "Interface", "IdentityService\Interface\Interface\Interface.csproj", "{873A4108-5846-47C4-98E8-0AE57846D060}"
EndProject
Project("{2150E333-8FDC-42A3-9474-1A3956D46DE8}") = "Service", "Service", "{46E586D1-4871-0E53-A237-6C78F72CCEDE}"
EndProject
Project("{FAE04EC0-301F-11D3-BF4B-00C04F79EFBC}") = "Service", "IdentityService\Service\Service\Service.csproj", "{AF5AA2D6-4BF4-464F-9C73-9B18560FFC14}"
EndProject
Project("{FAE04EC0-301F-11D3-BF4B-00C04F79EFBC}") = "IdentityService.API", "IdentityService\IdentityService.API\IdentityService.API.csproj", "{24203A61-22BC-49AF-B8E4-864DD0F09CD5}"
EndProject
Project("{2150E333-8FDC-42A3-9474-1A3956D46DE8}") = "AdvertiserService", "AdvertiserService", "{25FCCC83-D36F-388F-5CF6-534FC20B1211}"
EndProject
Project("{2150E333-8FDC-42A3-9474-1A3956D46DE8}") = "Interface", "Interface", "{65EF1D87-9520-DCE2-D785-E7A61EC47BC9}"
EndProject
Project("{FAE04EC0-301F-11D3-BF4B-00C04F79EFBC}") = "Interface", "AdvertiserService\Interface\Interface\Interface.csproj", "{4EBF9DC2-323E-42C8-8871-E9ED6DFADF19}"
EndProject
Project("{2150E333-8FDC-42A3-9474-1A3956D46DE8}") = "Service", "Service", "{55881A06-B4F5-4729-819B-D258B0E92186}"
EndProject
Project("{FAE04EC0-301F-11D3-BF4B-00C04F79EFBC}") = "Service", "AdvertiserService\Service\Service\Service.csproj", "{2DCBF40C-C551-47F1-B86D-CBDE2D5BA16B}"
EndProject
Project("{FAE04EC0-301F-11D3-BF4B-00C04F79EFBC}") = "AdvertiserService.API", "AdvertiserService\AdvertiserService.API\AdvertiserService.API.csproj", "{BC64B05A-DEBF-4403-A2E9-4F9B8E8C7DF9}"
EndProject
Project("{2150E333-8FDC-42A3-9474-1A3956D46DE8}") = "AffiliatesService", "AffiliatesService", "{C307C773-598C-9157-7D8B-5FC1FBF6E335}"
EndProject
Project("{2150E333-8FDC-42A3-9474-1A3956D46DE8}") = "Interface", "Interface", "{8B752FDA-F8AB-4573-7F9A-A741E8397121}"
EndProject
Project("{FAE04EC0-301F-11D3-BF4B-00C04F79EFBC}") = "Interface", "AffiliatesService\Interface\Interface\Interface.csproj", "{76C21B7B-C470-4F34-9072-664CE586A8F9}"
EndProject
Project("{2150E333-8FDC-42A3-9474-1A3956D46DE8}") = "Service", "Service", "{F32F6951-7573-335E-760A-3E2FF4496513}"
EndProject
Project("{FAE04EC0-301F-11D3-BF4B-00C04F79EFBC}") = "Service", "AffiliatesService\Service\Service\Service.csproj", "{3C3FE550-673C-49CC-9B33-25668FA9E667}"
EndProject
Project("{FAE04EC0-301F-11D3-BF4B-00C04F79EFBC}") = "AffiliatesService.API", "AffiliatesService\AffiliatesService.API\AffiliatesService.API.csproj", "{93496C0B-A557-4247-A82D-0A96D5D9D720}"
EndProject
Global
	GlobalSection(SolutionConfigurationPlatforms) = preSolution
		Debug|Any CPU = Debug|Any CPU
		Debug|x64 = Debug|x64
		Debug|x86 = Debug|x86
		Release|Any CPU = Release|Any CPU
		Release|x64 = Release|x64
		Release|x86 = Release|x86
	EndGlobalSection
	GlobalSection(ProjectConfigurationPlatforms) = postSolution
		{3464DA10-4A6E-4415-BD4C-C81DA4BDB1BC}.Debug|Any CPU.ActiveCfg = Debug|Any CPU
		{3464DA10-4A6E-4415-BD4C-C81DA4BDB1BC}.Debug|Any CPU.Build.0 = Debug|Any CPU
		{3464DA10-4A6E-4415-BD4C-C81DA4BDB1BC}.Debug|x64.ActiveCfg = Debug|Any CPU
		{3464DA10-4A6E-4415-BD4C-C81DA4BDB1BC}.Debug|x64.Build.0 = Debug|Any CPU
		{3464DA10-4A6E-4415-BD4C-C81DA4BDB1BC}.Debug|x86.ActiveCfg = Debug|Any CPU
		{3464DA10-4A6E-4415-BD4C-C81DA4BDB1BC}.Debug|x86.Build.0 = Debug|Any CPU
		{3464DA10-4A6E-4415-BD4C-C81DA4BDB1BC}.Release|Any CPU.ActiveCfg = Release|Any CPU
		{3464DA10-4A6E-4415-BD4C-C81DA4BDB1BC}.Release|Any CPU.Build.0 = Release|Any CPU
		{3464DA10-4A6E-4415-BD4C-C81DA4BDB1BC}.Release|x64.ActiveCfg = Release|Any CPU
		{3464DA10-4A6E-4415-BD4C-C81DA4BDB1BC}.Release|x64.Build.0 = Release|Any CPU
		{3464DA10-4A6E-4415-BD4C-C81DA4BDB1BC}.Release|x86.ActiveCfg = Release|Any CPU
		{3464DA10-4A6E-4415-BD4C-C81DA4BDB1BC}.Release|x86.Build.0 = Release|Any CPU
		{E6482D76-E1F2-487F-B436-F331A435E08C}.Debug|Any CPU.ActiveCfg = Debug|Any CPU
		{E6482D76-E1F2-487F-B436-F331A435E08C}.Debug|Any CPU.Build.0 = Debug|Any CPU
		{E6482D76-E1F2-487F-B436-F331A435E08C}.Debug|x64.ActiveCfg = Debug|Any CPU
		{E6482D76-E1F2-487F-B436-F331A435E08C}.Debug|x64.Build.0 = Debug|Any CPU
		{E6482D76-E1F2-487F-B436-F331A435E08C}.Debug|x86.ActiveCfg = Debug|Any CPU
		{E6482D76-E1F2-487F-B436-F331A435E08C}.Debug|x86.Build.0 = Debug|Any CPU
		{E6482D76-E1F2-487F-B436-F331A435E08C}.Release|Any CPU.ActiveCfg = Release|Any CPU
		{E6482D76-E1F2-487F-B436-F331A435E08C}.Release|Any CPU.Build.0 = Release|Any CPU
		{E6482D76-E1F2-487F-B436-F331A435E08C}.Release|x64.ActiveCfg = Release|Any CPU
		{E6482D76-E1F2-487F-B436-F331A435E08C}.Release|x64.Build.0 = Release|Any CPU
		{E6482D76-E1F2-487F-B436-F331A435E08C}.Release|x86.ActiveCfg = Release|Any CPU
		{E6482D76-E1F2-487F-B436-F331A435E08C}.Release|x86.Build.0 = Release|Any CPU
		{48DF3283-F400-48F3-877E-3D33AFA67593}.Debug|Any CPU.ActiveCfg = Debug|Any CPU
		{48DF3283-F400-48F3-877E-3D33AFA67593}.Debug|Any CPU.Build.0 = Debug|Any CPU
		{48DF3283-F400-48F3-877E-3D33AFA67593}.Debug|x64.ActiveCfg = Debug|Any CPU
		{48DF3283-F400-48F3-877E-3D33AFA67593}.Debug|x64.Build.0 = Debug|Any CPU
		{48DF3283-F400-48F3-877E-3D33AFA67593}.Debug|x86.ActiveCfg = Debug|Any CPU
		{48DF3283-F400-48F3-877E-3D33AFA67593}.Debug|x86.Build.0 = Debug|Any CPU
		{48DF3283-F400-48F3-877E-3D33AFA67593}.Release|Any CPU.ActiveCfg = Release|Any CPU
		{48DF3283-F400-48F3-877E-3D33AFA67593}.Release|Any CPU.Build.0 = Release|Any CPU
		{48DF3283-F400-48F3-877E-3D33AFA67593}.Release|x64.ActiveCfg = Release|Any CPU
		{48DF3283-F400-48F3-877E-3D33AFA67593}.Release|x64.Build.0 = Release|Any CPU
		{48DF3283-F400-48F3-877E-3D33AFA67593}.Release|x86.ActiveCfg = Release|Any CPU
		{48DF3283-F400-48F3-877E-3D33AFA67593}.Release|x86.Build.0 = Release|Any CPU
		{873A4108-5846-47C4-98E8-0AE57846D060}.Debug|Any CPU.ActiveCfg = Debug|Any CPU
		{873A4108-5846-47C4-98E8-0AE57846D060}.Debug|Any CPU.Build.0 = Debug|Any CPU
		{873A4108-5846-47C4-98E8-0AE57846D060}.Debug|x64.ActiveCfg = Debug|Any CPU
		{873A4108-5846-47C4-98E8-0AE57846D060}.Debug|x64.Build.0 = Debug|Any CPU
		{873A4108-5846-47C4-98E8-0AE57846D060}.Debug|x86.ActiveCfg = Debug|Any CPU
		{873A4108-5846-47C4-98E8-0AE57846D060}.Debug|x86.Build.0 = Debug|Any CPU
		{873A4108-5846-47C4-98E8-0AE57846D060}.Release|Any CPU.ActiveCfg = Release|Any CPU
		{873A4108-5846-47C4-98E8-0AE57846D060}.Release|Any CPU.Build.0 = Release|Any CPU
		{873A4108-5846-47C4-98E8-0AE57846D060}.Release|x64.ActiveCfg = Release|Any CPU
		{873A4108-5846-47C4-98E8-0AE57846D060}.Release|x64.Build.0 = Release|Any CPU
		{873A4108-5846-47C4-98E8-0AE57846D060}.Release|x86.ActiveCfg = Release|Any CPU
		{873A4108-5846-47C4-98E8-0AE57846D060}.Release|x86.Build.0 = Release|Any CPU
		{AF5AA2D6-4BF4-464F-9C73-9B18560FFC14}.Debug|Any CPU.ActiveCfg = Debug|Any CPU
		{AF5AA2D6-4BF4-464F-9C73-9B18560FFC14}.Debug|Any CPU.Build.0 = Debug|Any CPU
		{AF5AA2D6-4BF4-464F-9C73-9B18560FFC14}.Debug|x64.ActiveCfg = Debug|Any CPU
		{AF5AA2D6-4BF4-464F-9C73-9B18560FFC14}.Debug|x64.Build.0 = Debug|Any CPU
		{AF5AA2D6-4BF4-464F-9C73-9B18560FFC14}.Debug|x86.ActiveCfg = Debug|Any CPU
		{AF5AA2D6-4BF4-464F-9C73-9B18560FFC14}.Debug|x86.Build.0 = Debug|Any CPU
		{AF5AA2D6-4BF4-464F-9C73-9B18560FFC14}.Release|Any CPU.ActiveCfg = Release|Any CPU
		{AF5AA2D6-4BF4-464F-9C73-9B18560FFC14}.Release|Any CPU.Build.0 = Release|Any CPU
		{AF5AA2D6-4BF4-464F-9C73-9B18560FFC14}.Release|x64.ActiveCfg = Release|Any CPU
		{AF5AA2D6-4BF4-464F-9C73-9B18560FFC14}.Release|x64.Build.0 = Release|Any CPU
		{AF5AA2D6-4BF4-464F-9C73-9B18560FFC14}.Release|x86.ActiveCfg = Release|Any CPU
		{AF5AA2D6-4BF4-464F-9C73-9B18560FFC14}.Release|x86.Build.0 = Release|Any CPU
		{24203A61-22BC-49AF-B8E4-864DD0F09CD5}.Debug|Any CPU.ActiveCfg = Debug|Any CPU
		{24203A61-22BC-49AF-B8E4-864DD0F09CD5}.Debug|Any CPU.Build.0 = Debug|Any CPU
		{24203A61-22BC-49AF-B8E4-864DD0F09CD5}.Debug|x64.ActiveCfg = Debug|Any CPU
		{24203A61-22BC-49AF-B8E4-864DD0F09CD5}.Debug|x64.Build.0 = Debug|Any CPU
		{24203A61-22BC-49AF-B8E4-864DD0F09CD5}.Debug|x86.ActiveCfg = Debug|Any CPU
		{24203A61-22BC-49AF-B8E4-864DD0F09CD5}.Debug|x86.Build.0 = Debug|Any CPU
		{24203A61-22BC-49AF-B8E4-864DD0F09CD5}.Release|Any CPU.ActiveCfg = Release|Any CPU
		{24203A61-22BC-49AF-B8E4-864DD0F09CD5}.Release|Any CPU.Build.0 = Release|Any CPU
		{24203A61-22BC-49AF-B8E4-864DD0F09CD5}.Release|x64.ActiveCfg = Release|Any CPU
		{24203A61-22BC-49AF-B8E4-864DD0F09CD5}.Release|x64.Build.0 = Release|Any CPU
		{24203A61-22BC-49AF-B8E4-864DD0F09CD5}.Release|x86.ActiveCfg = Release|Any CPU
		{24203A61-22BC-49AF-B8E4-864DD0F09CD5}.Release|x86.Build.0 = Release|Any CPU
		{4EBF9DC2-323E-42C8-8871-E9ED6DFADF19}.Debug|Any CPU.ActiveCfg = Debug|Any CPU
		{4EBF9DC2-323E-42C8-8871-E9ED6DFADF19}.Debug|Any CPU.Build.0 = Debug|Any CPU
		{4EBF9DC2-323E-42C8-8871-E9ED6DFADF19}.Debug|x64.ActiveCfg = Debug|Any CPU
		{4EBF9DC2-323E-42C8-8871-E9ED6DFADF19}.Debug|x64.Build.0 = Debug|Any CPU
		{4EBF9DC2-323E-42C8-8871-E9ED6DFADF19}.Debug|x86.ActiveCfg = Debug|Any CPU
		{4EBF9DC2-323E-42C8-8871-E9ED6DFADF19}.Debug|x86.Build.0 = Debug|Any CPU
		{4EBF9DC2-323E-42C8-8871-E9ED6DFADF19}.Release|Any CPU.ActiveCfg = Release|Any CPU
		{4EBF9DC2-323E-42C8-8871-E9ED6DFADF19}.Release|Any CPU.Build.0 = Release|Any CPU
		{4EBF9DC2-323E-42C8-8871-E9ED6DFADF19}.Release|x64.ActiveCfg = Release|Any CPU
		{4EBF9DC2-323E-42C8-8871-E9ED6DFADF19}.Release|x64.Build.0 = Release|Any CPU
		{4EBF9DC2-323E-42C8-8871-E9ED6DFADF19}.Release|x86.ActiveCfg = Release|Any CPU
		{4EBF9DC2-323E-42C8-8871-E9ED6DFADF19}.Release|x86.Build.0 = Release|Any CPU
		{2DCBF40C-C551-47F1-B86D-CBDE2D5BA16B}.Debug|Any CPU.ActiveCfg = Debug|Any CPU
		{2DCBF40C-C551-47F1-B86D-CBDE2D5BA16B}.Debug|Any CPU.Build.0 = Debug|Any CPU
		{2DCBF40C-C551-47F1-B86D-CBDE2D5BA16B}.Debug|x64.ActiveCfg = Debug|Any CPU
		{2DCBF40C-C551-47F1-B86D-CBDE2D5BA16B}.Debug|x64.Build.0 = Debug|Any CPU
		{2DCBF40C-C551-47F1-B86D-CBDE2D5BA16B}.Debug|x86.ActiveCfg = Debug|Any CPU
		{2DCBF40C-C551-47F1-B86D-CBDE2D5BA16B}.Debug|x86.Build.0 = Debug|Any CPU
		{2DCBF40C-C551-47F1-B86D-CBDE2D5BA16B}.Release|Any CPU.ActiveCfg = Release|Any CPU
		{2DCBF40C-C551-47F1-B86D-CBDE2D5BA16B}.Release|Any CPU.Build.0 = Release|Any CPU
		{2DCBF40C-C551-47F1-B86D-CBDE2D5BA16B}.Release|x64.ActiveCfg = Release|Any CPU
		{2DCBF40C-C551-47F1-B86D-CBDE2D5BA16B}.Release|x64.Build.0 = Release|Any CPU
		{2DCBF40C-C551-47F1-B86D-CBDE2D5BA16B}.Release|x86.ActiveCfg = Release|Any CPU
		{2DCBF40C-C551-47F1-B86D-CBDE2D5BA16B}.Release|x86.Build.0 = Release|Any CPU
		{BC64B05A-DEBF-4403-A2E9-4F9B8E8C7DF9}.Debug|Any CPU.ActiveCfg = Debug|Any CPU
		{BC64B05A-DEBF-4403-A2E9-4F9B8E8C7DF9}.Debug|Any CPU.Build.0 = Debug|Any CPU
		{BC64B05A-DEBF-4403-A2E9-4F9B8E8C7DF9}.Debug|x64.ActiveCfg = Debug|Any CPU
		{BC64B05A-DEBF-4403-A2E9-4F9B8E8C7DF9}.Debug|x64.Build.0 = Debug|Any CPU
		{BC64B05A-DEBF-4403-A2E9-4F9B8E8C7DF9}.Debug|x86.ActiveCfg = Debug|Any CPU
		{BC64B05A-DEBF-4403-A2E9-4F9B8E8C7DF9}.Debug|x86.Build.0 = Debug|Any CPU
		{BC64B05A-DEBF-4403-A2E9-4F9B8E8C7DF9}.Release|Any CPU.ActiveCfg = Release|Any CPU
		{BC64B05A-DEBF-4403-A2E9-4F9B8E8C7DF9}.Release|Any CPU.Build.0 = Release|Any CPU
		{BC64B05A-DEBF-4403-A2E9-4F9B8E8C7DF9}.Release|x64.ActiveCfg = Release|Any CPU
		{BC64B05A-DEBF-4403-A2E9-4F9B8E8C7DF9}.Release|x64.Build.0 = Release|Any CPU
		{BC64B05A-DEBF-4403-A2E9-4F9B8E8C7DF9}.Release|x86.ActiveCfg = Release|Any CPU
		{BC64B05A-DEBF-4403-A2E9-4F9B8E8C7DF9}.Release|x86.Build.0 = Release|Any CPU
		{76C21B7B-C470-4F34-9072-664CE586A8F9}.Debug|Any CPU.ActiveCfg = Debug|Any CPU
		{76C21B7B-C470-4F34-9072-664CE586A8F9}.Debug|Any CPU.Build.0 = Debug|Any CPU
		{76C21B7B-C470-4F34-9072-664CE586A8F9}.Debug|x64.ActiveCfg = Debug|Any CPU
		{76C21B7B-C470-4F34-9072-664CE586A8F9}.Debug|x64.Build.0 = Debug|Any CPU
		{76C21B7B-C470-4F34-9072-664CE586A8F9}.Debug|x86.ActiveCfg = Debug|Any CPU
		{76C21B7B-C470-4F34-9072-664CE586A8F9}.Debug|x86.Build.0 = Debug|Any CPU
		{76C21B7B-C470-4F34-9072-664CE586A8F9}.Release|Any CPU.ActiveCfg = Release|Any CPU
		{76C21B7B-C470-4F34-9072-664CE586A8F9}.Release|Any CPU.Build.0 = Release|Any CPU
		{76C21B7B-C470-4F34-9072-664CE586A8F9}.Release|x64.ActiveCfg = Release|Any CPU
		{76C21B7B-C470-4F34-9072-664CE586A8F9}.Release|x64.Build.0 = Release|Any CPU
		{76C21B7B-C470-4F34-9072-664CE586A8F9}.Release|x86.ActiveCfg = Release|Any CPU
		{76C21B7B-C470-4F34-9072-664CE586A8F9}.Release|x86.Build.0 = Release|Any CPU
		{3C3FE550-673C-49CC-9B33-25668FA9E667}.Debug|Any CPU.ActiveCfg = Debug|Any CPU
		{3C3FE550-673C-49CC-9B33-25668FA9E667}.Debug|Any CPU.Build.0 = Debug|Any CPU
		{3C3FE550-673C-49CC-9B33-25668FA9E667}.Debug|x64.ActiveCfg = Debug|Any CPU
		{3C3FE550-673C-49CC-9B33-25668FA9E667}.Debug|x64.Build.0 = Debug|Any CPU
		{3C3FE550-673C-49CC-9B33-25668FA9E667}.Debug|x86.ActiveCfg = Debug|Any CPU
		{3C3FE550-673C-49CC-9B33-25668FA9E667}.Debug|x86.Build.0 = Debug|Any CPU
		{3C3FE550-673C-49CC-9B33-25668FA9E667}.Release|Any CPU.ActiveCfg = Release|Any CPU
		{3C3FE550-673C-49CC-9B33-25668FA9E667}.Release|Any CPU.Build.0 = Release|Any CPU
		{3C3FE550-673C-49CC-9B33-25668FA9E667}.Release|x64.ActiveCfg = Release|Any CPU
		{3C3FE550-673C-49CC-9B33-25668FA9E667}.Release|x64.Build.0 = Release|Any CPU
		{3C3FE550-673C-49CC-9B33-25668FA9E667}.Release|x86.ActiveCfg = Release|Any CPU
		{3C3FE550-673C-49CC-9B33-25668FA9E667}.Release|x86.Build.0 = Release|Any CPU
		{93496C0B-A557-4247-A82D-0A96D5D9D720}.Debug|Any CPU.ActiveCfg = Debug|Any CPU
		{93496C0B-A557-4247-A82D-0A96D5D9D720}.Debug|Any CPU.Build.0 = Debug|Any CPU
		{93496C0B-A557-4247-A82D-0A96D5D9D720}.Debug|x64.ActiveCfg = Debug|Any CPU
		{93496C0B-A557-4247-A82D-0A96D5D9D720}.Debug|x64.Build.0 = Debug|Any CPU
		{93496C0B-A557-4247-A82D-0A96D5D9D720}.Debug|x86.ActiveCfg = Debug|Any CPU
		{93496C0B-A557-4247-A82D-0A96D5D9D720}.Debug|x86.Build.0 = Debug|Any CPU
		{93496C0B-A557-4247-A82D-0A96D5D9D720}.Release|Any CPU.ActiveCfg = Release|Any CPU
		{93496C0B-A557-4247-A82D-0A96D5D9D720}.Release|Any CPU.Build.0 = Release|Any CPU
		{93496C0B-A557-4247-A82D-0A96D5D9D720}.Release|x64.ActiveCfg = Release|Any CPU
		{93496C0B-A557-4247-A82D-0A96D5D9D720}.Release|x64.Build.0 = Release|Any CPU
		{93496C0B-A557-4247-A82D-0A96D5D9D720}.Release|x86.ActiveCfg = Release|Any CPU
		{93496C0B-A557-4247-A82D-0A96D5D9D720}.Release|x86.Build.0 = Release|Any CPU
	EndGlobalSection
	GlobalSection(SolutionProperties) = preSolution
		HideSolutionNode = FALSE
	EndGlobalSection
	GlobalSection(NestedProjects) = preSolution
		{73196184-E728-4DD1-8A8A-EC1711ADBA3F} = {F9BE2278-48FA-DFA5-C416-A848F8DDEAE2}
		{3464DA10-4A6E-4415-BD4C-C81DA4BDB1BC} = {73196184-E728-4DD1-8A8A-EC1711ADBA3F}
		{65E82EFE-3ECD-0235-B270-741A9A7BDD74} = {F9BE2278-48FA-DFA5-C416-A848F8DDEAE2}
		{E6482D76-E1F2-487F-B436-F331A435E08C} = {65E82EFE-3ECD-0235-B270-741A9A7BDD74}
		{48DF3283-F400-48F3-877E-3D33AFA67593} = {F9BE2278-48FA-DFA5-C416-A848F8DDEAE2}
		{D6C2B6DB-8495-525B-93B0-DF08319C5DE0} = {C92C2A6C-C7DF-3B17-8CE7-85FC08468CCF}
		{873A4108-5846-47C4-98E8-0AE57846D060} = {D6C2B6DB-8495-525B-93B0-DF08319C5DE0}
		{46E586D1-4871-0E53-A237-6C78F72CCEDE} = {C92C2A6C-C7DF-3B17-8CE7-85FC08468CCF}
		{AF5AA2D6-4BF4-464F-9C73-9B18560FFC14} = {46E586D1-4871-0E53-A237-6C78F72CCEDE}
		{24203A61-22BC-49AF-B8E4-864DD0F09CD5} = {C92C2A6C-C7DF-3B17-8CE7-85FC08468CCF}
		{65EF1D87-9520-DCE2-D785-E7A61EC47BC9} = {25FCCC83-D36F-388F-5CF6-534FC20B1211}
		{4EBF9DC2-323E-42C8-8871-E9ED6DFADF19} = {65EF1D87-9520-DCE2-D785-E7A61EC47BC9}
		{55881A06-B4F5-4729-819B-D258B0E92186} = {25FCCC83-D36F-388F-5CF6-534FC20B1211}
		{2DCBF40C-C551-47F1-B86D-CBDE2D5BA16B} = {55881A06-B4F5-4729-819B-D258B0E92186}
		{BC64B05A-DEBF-4403-A2E9-4F9B8E8C7DF9} = {25FCCC83-D36F-388F-5CF6-534FC20B1211}
		{8B752FDA-F8AB-4573-7F9A-A741E8397121} = {C307C773-598C-9157-7D8B-5FC1FBF6E335}
		{76C21B7B-C470-4F34-9072-664CE586A8F9} = {8B752FDA-F8AB-4573-7F9A-A741E8397121}
		{F32F6951-7573-335E-760A-3E2FF4496513} = {C307C773-598C-9157-7D8B-5FC1FBF6E335}
		{3C3FE550-673C-49CC-9B33-25668FA9E667} = {F32F6951-7573-335E-760A-3E2FF4496513}
		{93496C0B-A557-4247-A82D-0A96D5D9D720} = {C307C773-598C-9157-7D8B-5FC1FBF6E335}
	EndGlobalSection
	GlobalSection(ExtensibilityGlobals) = postSolution
		SolutionGuid = {0A2A50DD-6283-495D-ABEF-C245D72FDCE3}
	EndGlobalSection
EndGlobal
